// !$*UTF8*$!
{
	archiveVersion = 1;
	classes = {
	};
	objectVersion = 50;
	objects = {

/* Begin PBXBuildFile section */
		93184E29272B31EB0012D23F /* AppDelegate.swift in Sources */ = {isa = PBXBuildFile; fileRef = 93184E28272B31EB0012D23F /* AppDelegate.swift */; };
		93184E2B272B31EB0012D23F /* SceneDelegate.swift in Sources */ = {isa = PBXBuildFile; fileRef = 93184E2A272B31EB0012D23F /* SceneDelegate.swift */; };
		93184E2D272B31EB0012D23F /* ViewController.swift in Sources */ = {isa = PBXBuildFile; fileRef = 93184E2C272B31EB0012D23F /* ViewController.swift */; };
		93184E30272B31EB0012D23F /* Main.storyboard in Resources */ = {isa = PBXBuildFile; fileRef = 93184E2E272B31EB0012D23F /* Main.storyboard */; };
		93184E32272B31ED0012D23F /* Assets.xcassets in Resources */ = {isa = PBXBuildFile; fileRef = 93184E31272B31ED0012D23F /* Assets.xcassets */; };
		93184E35272B31ED0012D23F /* LaunchScreen.storyboard in Resources */ = {isa = PBXBuildFile; fileRef = 93184E33272B31ED0012D23F /* LaunchScreen.storyboard */; };
		93184E3E272B32540012D23F /* NewsFeed.swift in Sources */ = {isa = PBXBuildFile; fileRef = 93184E3D272B32540012D23F /* NewsFeed.swift */; };
		93184E41272B32DD0012D23F /* Article.swift in Sources */ = {isa = PBXBuildFile; fileRef = 93184E40272B32DD0012D23F /* Article.swift */; };
/* End PBXBuildFile section */

/* Begin PBXFileReference section */
		93184E25272B31EB0012D23F /* JsonPractice.app */ = {isa = PBXFileReference; explicitFileType = wrapper.application; includeInIndex = 0; path = JsonPractice.app; sourceTree = BUILT_PRODUCTS_DIR; };
		93184E28272B31EB0012D23F /* AppDelegate.swift */ = {isa = PBXFileReference; lastKnownFileType = sourcecode.swift; path = AppDelegate.swift; sourceTree = "<group>"; };
		93184E2A272B31EB0012D23F /* SceneDelegate.swift */ = {isa = PBXFileReference; lastKnownFileType = sourcecode.swift; path = SceneDelegate.swift; sourceTree = "<group>"; };
		93184E2C272B31EB0012D23F /* ViewController.swift */ = {isa = PBXFileReference; lastKnownFileType = sourcecode.swift; path = ViewController.swift; sourceTree = "<group>"; };
		93184E2F272B31EB0012D23F /* Base */ = {isa = PBXFileReference; lastKnownFileType = file.storyboard; name = Base; path = Base.lproj/Main.storyboard; sourceTree = "<group>"; };
		93184E31272B31ED0012D23F /* Assets.xcassets */ = {isa = PBXFileReference; lastKnownFileType = folder.assetcatalog; path = Assets.xcassets; sourceTree = "<group>"; };
		93184E34272B31ED0012D23F /* Base */ = {isa = PBXFileReference; lastKnownFileType = file.storyboard; name = Base; path = Base.lproj/LaunchScreen.storyboard; sourceTree = "<group>"; };
		93184E36272B31ED0012D23F /* Info.plist */ = {isa = PBXFileReference; lastKnownFileType = text.plist.xml; path = Info.plist; sourceTree = "<group>"; };
		93184E3D272B32540012D23F /* NewsFeed.swift */ = {isa = PBXFileReference; lastKnownFileType = sourcecode.swift; path = NewsFeed.swift; sourceTree = "<group>"; };
		93184E40272B32DD0012D23F /* Article.swift */ = {isa = PBXFileReference; lastKnownFileType = sourcecode.swift; path = Article.swift; sourceTree = "<group>"; };
/* End PBXFileReference section */

/* Begin PBXFrameworksBuildPhase section */
		93184E22272B31EB0012D23F /* Frameworks */ = {
			isa = PBXFrameworksBuildPhase;
			buildActionMask = 2147483647;
			files = (
			);
			runOnlyForDeploymentPostprocessing = 0;
		};
/* End PBXFrameworksBuildPhase section */

/* Begin PBXGroup section */
		93184E1C272B31EB0012D23F = {
			isa = PBXGroup;
			children = (
				93184E27272B31EB0012D23F /* JsonPractice */,
				93184E26272B31EB0012D23F /* Products */,
			);
			sourceTree = "<group>";
		};
		93184E26272B31EB0012D23F /* Products */ = {
			isa = PBXGroup;
			children = (
				93184E25272B31EB0012D23F /* JsonPractice.app */,
			);
			name = Products;
			sourceTree = "<group>";
		};
		93184E27272B31EB0012D23F /* JsonPractice */ = {
			isa = PBXGroup;
			children = (
				93184E28272B31EB0012D23F /* AppDelegate.swift */,
				93184E2A272B31EB0012D23F /* SceneDelegate.swift */,
				93184E2C272B31EB0012D23F /* ViewController.swift */,
				93184E2E272B31EB0012D23F /* Main.storyboard */,
				93184E31272B31ED0012D23F /* Assets.xcassets */,
				93184E33272B31ED0012D23F /* LaunchScreen.storyboard */,
				93184E40272B32DD0012D23F /* Article.swift */,
				93184E3D272B32540012D23F /* NewsFeed.swift */,
				93184E36272B31ED0012D23F /* Info.plist */,
			);
			path = JsonPractice;
			sourceTree = "<group>";
		};
/* End PBXGroup section */

/* Begin PBXNativeTarget section */
		93184E24272B31EB0012D23F /* JsonPractice */ = {
			isa = PBXNativeTarget;
			buildConfigurationList = 93184E39272B31ED0012D23F /* Build configuration list for PBXNativeTarget "JsonPractice" */;
			buildPhases = (
				93184E21272B31EB0012D23F /* Sources */,
				93184E22272B31EB0012D23F /* Frameworks */,
				93184E23272B31EB0012D23F /* Resources */,
			);
			buildRules = (
			);
			dependencies = (
			);
			name = JsonPractice;
			productName = JsonPractice;
			productReference = 93184E25272B31EB0012D23F /* JsonPractice.app */;
			productType = "com.apple.product-type.application";
		};
/* End PBXNativeTarget section */

/* Begin PBXProject section */
		93184E1D272B31EB0012D23F /* Project object */ = {
			isa = PBXProject;
			attributes = {
				LastSwiftUpdateCheck = 1240;
				LastUpgradeCheck = 1240;
				TargetAttributes = {
					93184E24272B31EB0012D23F = {
						CreatedOnToolsVersion = 12.4;
					};
				};
			};
			buildConfigurationList = 93184E20272B31EB0012D23F /* Build configuration list for PBXProject "JsonPractice" */;
			compatibilityVersion = "Xcode 9.3";
			developmentRegion = en;
			hasScannedForEncodings = 0;
			knownRegions = (
				en,
				Base,
			);
			mainGroup = 93184E1C272B31EB0012D23F;
			productRefGroup = 93184E26272B31EB0012D23F /* Products */;
			projectDirPath = "";
			projectRoot = "";
			targets = (
				93184E24272B31EB0012D23F /* JsonPractice */,
			);
		};
/* End PBXProject section */

/* Begin PBXResourcesBuildPhase section */
		93184E23272B31EB0012D23F /* Resources */ = {
			isa = PBXResourcesBuildPhase;
			buildActionMask = 2147483647;
			files = (
				93184E35272B31ED0012D23F /* LaunchScreen.storyboard in Resources */,
				93184E32272B31ED0012D23F /* Assets.xcassets in Resources */,
				93184E30272B31EB0012D23F /* Main.storyboard in Resources */,
			);
			runOnlyForDeploymentPostprocessing = 0;
		};
/* End PBXResourcesBuildPhase section */

/* Begin PBXSourcesBuildPhase section */
		93184E21272B31EB0012D23F /* Sources */ = {
			isa = PBXSourcesBuildPhase;
			buildActionMask = 2147483647;
			files = (
				93184E2D272B31EB0012D23F /* ViewController.swift in Sources */,
				93184E29272B31EB0012D23F /* AppDelegate.swift in Sources */,
				93184E3E272B32540012D23F /* NewsFeed.swift in Sources */,
				93184E2B272B31EB0012D23F /* SceneDelegate.swift in Sources */,
				93184E41272B32DD0012D23F /* Article.swift in Sources */,
			);
			runOnlyForDeploymentPostprocessing = 0;
		};
/* End PBXSourcesBuildPhase section */

/* Begin PBXVariantGroup section */
		93184E2E272B31EB0012D23F /* Main.storyboard */ = {
			isa = PBXVariantGroup;
			children = (
				93184E2F272B31EB0012D23F /* Base */,
			);
			name = Main.storyboard;
			sourceTree = "<group>";
		};
		93184E33272B31ED0012D23F /* LaunchScreen.storyboard */ = {
			isa = PBXVariantGroup;
			children = (
				93184E34272B31ED0012D23F /* Base */,
			);
			name = LaunchScreen.storyboard;
			sourceTree = "<group>";
		};
/* End PBXVariantGroup section */

/* Begin XCBuildConfiguration section */
		93184E37272B31ED0012D23F /* Debug */ = {
			isa = XCBuildConfiguration;
			buildSettings = {
				ALWAYS_SEARCH_USER_PATHS = NO;
				CLANG_ANALYZER_NONNULL = YES;
				CLANG_ANALYZER_NUMBER_OBJECT_CONVERSION = YES_AGGRESSIVE;
				CLANG_CXX_LANGUAGE_STANDARD = "gnu++14";
				CLANG_CXX_LIBRARY = "libc++";
				CLANG_ENABLE_MODULES = YES;
				CLANG_ENABLE_OBJC_ARC = YES;
				CLANG_ENABLE_OBJC_WEAK = YES;
				CLANG_WARN_BLOCK_CAPTURE_AUTORELEASING = YES;
				CLANG_WARN_BOOL_CONVERSION = YES;
				CLANG_WARN_COMMA = YES;
				CLANG_WARN_CONSTANT_CONVERSION = YES;
				CLANG_WARN_DEPRECATED_OBJC_IMPLEMENTATIONS = YES;
				CLANG_WARN_DIRECT_OBJC_ISA_USAGE = YES_ERROR;
				CLANG_WARN_DOCUMENTATION_COMMENTS = YES;
				CLANG_WARN_EMPTY_BODY = YES;
				CLANG_WARN_ENUM_CONVERSION = YES;
				CLANG_WARN_INFINITE_RECURSION = YES;
				CLANG_WARN_INT_CONVERSION = YES;
				CLANG_WARN_NON_LITERAL_NULL_CONVERSION = YES;
				CLANG_WARN_OBJC_IMPLICIT_RETAIN_SELF = YES;
				CLANG_WARN_OBJC_LITERAL_CONVERSION = YES;
				CLANG_WARN_OBJC_ROOT_CLASS = YES_ERROR;
				CLANG_WARN_QUOTED_INCLUDE_IN_FRAMEWORK_HEADER = YES;
				CLANG_WARN_RANGE_LOOP_ANALYSIS = YES;
				CLANG_WARN_STRICT_PROTOTYPES = YES;
				CLANG_WARN_SUSPICIOUS_MOVE = YES;
				CLANG_WARN_UNGUARDED_AVAILABILITY = YES_AGGRESSIVE;
				CLANG_WARN_UNREACHABLE_CODE = YES;
				CLANG_WARN__DUPLICATE_METHOD_MATCH = YES;
				COPY_PHASE_STRIP = NO;
				DEBUG_INFORMATION_FORMAT = dwarf;
				ENABLE_STRICT_OBJC_MSGSEND = YES;
				ENABLE_TESTABILITY = YES;
				GCC_C_LANGUAGE_STANDARD = gnu11;
				GCC_DYNAMIC_NO_PIC = NO;
				GCC_NO_COMMON_BLOCKS = YES;
				GCC_OPTIMIZATION_LEVEL = 0;
				GCC_PREPROCESSOR_DEFINITIONS = (
					"DEBUG=1",
					"$(inherited)",
				);
				GCC_WARN_64_TO_32_BIT_CONVERSION = YES;
				GCC_WARN_ABOUT_RETURN_TYPE = YES_ERROR;
				GCC_WARN_UNDECLARED_SELECTOR = YES;
				GCC_WARN_UNINITIALIZED_AUTOS = YES_AGGRESSIVE;
				GCC_WARN_UNUSED_FUNCTION = YES;
				GCC_WARN_UNUSED_VARIABLE = YES;
				IPHONEOS_DEPLOYMENT_TARGET = 14.4;
				MTL_ENABLE_DEBUG_INFO = INCLUDE_SOURCE;
				MTL_FAST_MATH = YES;
				ONLY_ACTIVE_ARCH = YES;
				SDKROOT = iphoneos;
				SWIFT_ACTIVE_COMPILATION_CONDITIONS = DEBUG;
				SWIFT_OPTIMIZATION_LEVEL = "-Onone";
			};
			name = Debug;
		};
		93184E38272B31ED0012D23F /* Release */ = {
			isa = XCBuildConfiguration;
			buildSettings = {
				ALWAYS_SEARCH_USER_PATHS = NO;
				CLANG_ANALYZER_NONNULL = YES;
				CLANG_ANALYZER_NUMBER_OBJECT_CONVERSION = YES_AGGRESSIVE;
				CLANG_CXX_LANGUAGE_STANDARD = "gnu++14";
				CLANG_CXX_LIBRARY = "libc++";
				CLANG_ENABLE_MODULES = YES;
				CLANG_ENABLE_OBJC_ARC = YES;
				CLANG_ENABLE_OBJC_WEAK = YES;
				CLANG_WARN_BLOCK_CAPTURE_AUTORELEASING = YES;
				CLANG_WARN_BOOL_CONVERSION = YES;
				CLANG_WARN_COMMA = YES;
				CLANG_WARN_CONSTANT_CONVERSION = YES;
				CLANG_WARN_DEPRECATED_OBJC_IMPLEMENTATIONS = YES;
				CLANG_WARN_DIRECT_OBJC_ISA_USAGE = YES_ERROR;
				CLANG_WARN_DOCUMENTATION_COMMENTS = YES;
				CLANG_WARN_EMPTY_BODY = YES;
				CLANG_WARN_ENUM_CONVERSION = YES;
				CLANG_WARN_INFINITE_RECURSION = YES;
				CLANG_WARN_INT_CONVERSION = YES;
				CLANG_WARN_NON_LITERAL_NULL_CONVERSION = YES;
				CLANG_WARN_OBJC_IMPLICIT_RETAIN_SELF = YES;
				CLANG_WARN_OBJC_LITERAL_CONVERSION = YES;
				CLANG_WARN_OBJC_ROOT_CLASS = YES_ERROR;
				CLANG_WARN_QUOTED_INCLUDE_IN_FRAMEWORK_HEADER = YES;
				CLANG_WARN_RANGE_LOOP_ANALYSIS = YES;
				CLANG_WARN_STRICT_PROTOTYPES = YES;
				CLANG_WARN_SUSPICIOUS_MOVE = YES;
				CLANG_WARN_UNGUARDED_AVAILABILITY = YES_AGGRESSIVE;
				CLANG_WARN_UNREACHABLE_CODE = YES;
				CLANG_WARN__DUPLICATE_METHOD_MATCH = YES;
				COPY_PHASE_STRIP = NO;
				DEBUG_INFORMATION_FORMAT = "dwarf-with-dsym";
				ENABLE_NS_ASSERTIONS = NO;
				ENABLE_STRICT_OBJC_MSGSEND = YES;
				GCC_C_LANGUAGE_STANDARD = gnu11;
				GCC_NO_COMMON_BLOCKS = YES;
				GCC_WARN_64_TO_32_BIT_CONVERSION = YES;
				GCC_WARN_ABOUT_RETURN_TYPE = YES_ERROR;
				GCC_WARN_UNDECLARED_SELECTOR = YES;
				GCC_WARN_UNINITIALIZED_AUTOS = YES_AGGRESSIVE;
				GCC_WARN_UNUSED_FUNCTION = YES;
				GCC_WARN_UNUSED_VARIABLE = YES;
				IPHONEOS_DEPLOYMENT_TARGET = 14.4;
				MTL_ENABLE_DEBUG_INFO = NO;
				MTL_FAST_MATH = YES;
				SDKROOT = iphoneos;
				SWIFT_COMPILATION_MODE = wholemodule;
				SWIFT_OPTIMIZATION_LEVEL = "-O";
				VALIDATE_PRODUCT = YES;
			};
			name = Release;
		};
		93184E3A272B31ED0012D23F /* Debug */ = {
			isa = XCBuildConfiguration;
			buildSettings = {
				ASSETCATALOG_COMPILER_APPICON_NAME = AppIcon;
				ASSETCATALOG_COMPILER_GLOBAL_ACCENT_COLOR_NAME = AccentColor;
				CODE_SIGN_STYLE = Automatic;
				INFOPLIST_FILE = JsonPractice/Info.plist;
				LD_RUNPATH_SEARCH_PATHS = (
					"$(inherited)",
					"@executable_path/Frameworks",
				);
				PRODUCT_BUNDLE_IDENTIFIER = com.VanesaKorbenfeld.JsonPractice;
				PRODUCT_NAME = "$(TARGET_NAME)";
				SWIFT_VERSION = 5.0;
				TARGETED_DEVICE_FAMILY = "1,2";
			};
			name = Debug;
		};
		93184E3B272B31ED0012D23F /* Release */ = {
			isa = XCBuildConfiguration;
			buildSettings = {
				ASSETCATALOG_COMPILER_APPICON_NAME = AppIcon;
				ASSETCATALOG_COMPILER_GLOBAL_ACCENT_COLOR_NAME = AccentColor;
				CODE_SIGN_STYLE = Automatic;
				INFOPLIST_FILE = JsonPractice/Info.plist;
				LD_RUNPATH_SEARCH_PATHS = (
					"$(inherited)",
					"@executable_path/Frameworks",
				);
				PRODUCT_BUNDLE_IDENTIFIER = com.VanesaKorbenfeld.JsonPractice;
				PRODUCT_NAME = "$(TARGET_NAME)";
				SWIFT_VERSION = 5.0;
				TARGETED_DEVICE_FAMILY = "1,2";
			};
			name = Release;
		};
/* End XCBuildConfiguration section */

/* Begin XCConfigurationList section */
		93184E20272B31EB0012D23F /* Build configuration list for PBXProject "JsonPractice" */ = {
			isa = XCConfigurationList;
			buildConfigurations = (
				93184E37272B31ED0012D23F /* Debug */,
				93184E38272B31ED0012D23F /* Release */,
			);
			defaultConfigurationIsVisible = 0;
			defaultConfigurationName = Release;
		};
		93184E39272B31ED0012D23F /* Build configuration list for PBXNativeTarget "JsonPractice" */ = {
			isa = XCConfigurationList;
			buildConfigurations = (
				93184E3A272B31ED0012D23F /* Debug */,
				93184E3B272B31ED0012D23F /* Release */,
			);
			defaultConfigurationIsVisible = 0;
			defaultConfigurationName = Release;
		};
/* End XCConfigurationList section */
	};
	rootObject = 93184E1D272B31EB0012D23F /* Project object */;
}
